
Microsoft Visual Studio Solution File, Format Version 12.00
# Visual Studio 15
VisualStudioVersion = 15.0.26430.16
MinimumVisualStudioVersion = 10.0.40219.1
Project("{FAE04EC0-301F-11D3-BF4B-00C04F79EFBC}") = "GuildWars2.API", "GuildWars2.API\GuildWars2.API.csproj", "{DC595D19-8FA3-4788-8140-DBEA3B967D85}"
EndProject
Project("{FAE04EC0-301F-11D3-BF4B-00C04F79EFBC}") = "GuildWars2.Manager", "GuildWars2.Manager\GuildWars2.Manager.csproj", "{2B140250-BD8E-4412-9E5B-B3E4B840695C}"
EndProject
Project("{9A19103F-16F7-4668-BE54-9A1E7A4F7556}") = "GuildWars2.REST", "GuildWars2.REST\GuildWars2.REST.csproj", "{93DDF2E1-16FF-4EF4-9C48-C62143D61E66}"
EndProject
Project("{9A19103F-16F7-4668-BE54-9A1E7A4F7556}") = "GuildWars2.Data", "GuildWars2.Data\GuildWars2.Data.csproj", "{C793DDA1-D778-471D-A9A0-04421D02A73E}"
EndProject
Project("{9A19103F-16F7-4668-BE54-9A1E7A4F7556}") = "xTest", "xTest\xTest.csproj", "{52CC4E80-F4AA-4AA6-B88A-1295DFFA647F}"
EndProject
Global
	GlobalSection(SolutionConfigurationPlatforms) = preSolution
		Debug|Any CPU = Debug|Any CPU
		Debug|x64 = Debug|x64
		Debug|x86 = Debug|x86
		Release|Any CPU = Release|Any CPU
		Release|x64 = Release|x64
		Release|x86 = Release|x86
	EndGlobalSection
	GlobalSection(ProjectConfigurationPlatforms) = postSolution
		{DC595D19-8FA3-4788-8140-DBEA3B967D85}.Debug|Any CPU.ActiveCfg = Debug|Any CPU
		{DC595D19-8FA3-4788-8140-DBEA3B967D85}.Debug|Any CPU.Build.0 = Debug|Any CPU
		{DC595D19-8FA3-4788-8140-DBEA3B967D85}.Debug|x64.ActiveCfg = Debug|Any CPU
		{DC595D19-8FA3-4788-8140-DBEA3B967D85}.Debug|x64.Build.0 = Debug|Any CPU
		{DC595D19-8FA3-4788-8140-DBEA3B967D85}.Debug|x86.ActiveCfg = Debug|Any CPU
		{DC595D19-8FA3-4788-8140-DBEA3B967D85}.Debug|x86.Build.0 = Debug|Any CPU
		{DC595D19-8FA3-4788-8140-DBEA3B967D85}.Release|Any CPU.ActiveCfg = Release|Any CPU
		{DC595D19-8FA3-4788-8140-DBEA3B967D85}.Release|Any CPU.Build.0 = Release|Any CPU
		{DC595D19-8FA3-4788-8140-DBEA3B967D85}.Release|x64.ActiveCfg = Release|Any CPU
		{DC595D19-8FA3-4788-8140-DBEA3B967D85}.Release|x64.Build.0 = Release|Any CPU
		{DC595D19-8FA3-4788-8140-DBEA3B967D85}.Release|x86.ActiveCfg = Release|Any CPU
		{DC595D19-8FA3-4788-8140-DBEA3B967D85}.Release|x86.Build.0 = Release|Any CPU
		{2B140250-BD8E-4412-9E5B-B3E4B840695C}.Debug|Any CPU.ActiveCfg = Debug|Any CPU
		{2B140250-BD8E-4412-9E5B-B3E4B840695C}.Debug|Any CPU.Build.0 = Debug|Any CPU
		{2B140250-BD8E-4412-9E5B-B3E4B840695C}.Debug|x64.ActiveCfg = Debug|Any CPU
		{2B140250-BD8E-4412-9E5B-B3E4B840695C}.Debug|x64.Build.0 = Debug|Any CPU
		{2B140250-BD8E-4412-9E5B-B3E4B840695C}.Debug|x86.ActiveCfg = Debug|Any CPU
		{2B140250-BD8E-4412-9E5B-B3E4B840695C}.Debug|x86.Build.0 = Debug|Any CPU
		{2B140250-BD8E-4412-9E5B-B3E4B840695C}.Release|Any CPU.ActiveCfg = Release|Any CPU
		{2B140250-BD8E-4412-9E5B-B3E4B840695C}.Release|Any CPU.Build.0 = Release|Any CPU
		{2B140250-BD8E-4412-9E5B-B3E4B840695C}.Release|x64.ActiveCfg = Release|Any CPU
		{2B140250-BD8E-4412-9E5B-B3E4B840695C}.Release|x64.Build.0 = Release|Any CPU
		{2B140250-BD8E-4412-9E5B-B3E4B840695C}.Release|x86.ActiveCfg = Release|Any CPU
		{2B140250-BD8E-4412-9E5B-B3E4B840695C}.Release|x86.Build.0 = Release|Any CPU
		{93DDF2E1-16FF-4EF4-9C48-C62143D61E66}.Debug|Any CPU.ActiveCfg = Debug|Any CPU
		{93DDF2E1-16FF-4EF4-9C48-C62143D61E66}.Debug|Any CPU.Build.0 = Debug|Any CPU
		{93DDF2E1-16FF-4EF4-9C48-C62143D61E66}.Debug|x64.ActiveCfg = Debug|Any CPU
		{93DDF2E1-16FF-4EF4-9C48-C62143D61E66}.Debug|x64.Build.0 = Debug|Any CPU
		{93DDF2E1-16FF-4EF4-9C48-C62143D61E66}.Debug|x86.ActiveCfg = Debug|Any CPU
		{93DDF2E1-16FF-4EF4-9C48-C62143D61E66}.Debug|x86.Build.0 = Debug|Any CPU
		{93DDF2E1-16FF-4EF4-9C48-C62143D61E66}.Release|Any CPU.ActiveCfg = Release|Any CPU
		{93DDF2E1-16FF-4EF4-9C48-C62143D61E66}.Release|Any CPU.Build.0 = Release|Any CPU
		{93DDF2E1-16FF-4EF4-9C48-C62143D61E66}.Release|x64.ActiveCfg = Release|Any CPU
		{93DDF2E1-16FF-4EF4-9C48-C62143D61E66}.Release|x64.Build.0 = Release|Any CPU
		{93DDF2E1-16FF-4EF4-9C48-C62143D61E66}.Release|x86.ActiveCfg = Release|Any CPU
		{93DDF2E1-16FF-4EF4-9C48-C62143D61E66}.Release|x86.Build.0 = Release|Any CPU
		{C793DDA1-D778-471D-A9A0-04421D02A73E}.Debug|Any CPU.ActiveCfg = Debug|Any CPU
		{C793DDA1-D778-471D-A9A0-04421D02A73E}.Debug|Any CPU.Build.0 = Debug|Any CPU
		{C793DDA1-D778-471D-A9A0-04421D02A73E}.Debug|x64.ActiveCfg = Debug|Any CPU
		{C793DDA1-D778-471D-A9A0-04421D02A73E}.Debug|x64.Build.0 = Debug|Any CPU
		{C793DDA1-D778-471D-A9A0-04421D02A73E}.Debug|x86.ActiveCfg = Debug|Any CPU
		{C793DDA1-D778-471D-A9A0-04421D02A73E}.Debug|x86.Build.0 = Debug|Any CPU
		{C793DDA1-D778-471D-A9A0-04421D02A73E}.Release|Any CPU.ActiveCfg = Release|Any CPU
		{C793DDA1-D778-471D-A9A0-04421D02A73E}.Release|Any CPU.Build.0 = Release|Any CPU
		{C793DDA1-D778-471D-A9A0-04421D02A73E}.Release|x64.ActiveCfg = Release|Any CPU
		{C793DDA1-D778-471D-A9A0-04421D02A73E}.Release|x64.Build.0 = Release|Any CPU
		{C793DDA1-D778-471D-A9A0-04421D02A73E}.Release|x86.ActiveCfg = Release|Any CPU
		{C793DDA1-D778-471D-A9A0-04421D02A73E}.Release|x86.Build.0 = Release|Any CPU
		{52CC4E80-F4AA-4AA6-B88A-1295DFFA647F}.Debug|Any CPU.ActiveCfg = Debug|Any CPU
		{52CC4E80-F4AA-4AA6-B88A-1295DFFA647F}.Debug|Any CPU.Build.0 = Debug|Any CPU
		{52CC4E80-F4AA-4AA6-B88A-1295DFFA647F}.Debug|x64.ActiveCfg = Debug|Any CPU
		{52CC4E80-F4AA-4AA6-B88A-1295DFFA647F}.Debug|x64.Build.0 = Debug|Any CPU
		{52CC4E80-F4AA-4AA6-B88A-1295DFFA647F}.Debug|x86.ActiveCfg = Debug|Any CPU
		{52CC4E80-F4AA-4AA6-B88A-1295DFFA647F}.Debug|x86.Build.0 = Debug|Any CPU
		{52CC4E80-F4AA-4AA6-B88A-1295DFFA647F}.Release|Any CPU.ActiveCfg = Release|Any CPU
		{52CC4E80-F4AA-4AA6-B88A-1295DFFA647F}.Release|Any CPU.Build.0 = Release|Any CPU
		{52CC4E80-F4AA-4AA6-B88A-1295DFFA647F}.Release|x64.ActiveCfg = Release|Any CPU
		{52CC4E80-F4AA-4AA6-B88A-1295DFFA647F}.Release|x64.Build.0 = Release|Any CPU
		{52CC4E80-F4AA-4AA6-B88A-1295DFFA647F}.Release|x86.ActiveCfg = Release|Any CPU
		{52CC4E80-F4AA-4AA6-B88A-1295DFFA647F}.Release|x86.Build.0 = Release|Any CPU
	EndGlobalSection
	GlobalSection(SolutionProperties) = preSolution
		HideSolutionNode = FALSE
	EndGlobalSection
	GlobalSection(ExtensibilityGlobals) = postSolution
		SolutionGuid = {DCC38BE6-506F-4DDE-9963-E53BC27CD8BA}
	EndGlobalSection
EndGlobal
