
Microsoft Visual Studio Solution File, Format Version 12.00
# Visual Studio 15
VisualStudioVersion = 15.0.26228.12
MinimumVisualStudioVersion = 10.0.40219.1
Project("{FAE04EC0-301F-11D3-BF4B-00C04F79EFBC}") = "GuildWars2.Guild", "GuildWars2.Guild\GuildWars2.Guild.csproj", "{8C6912B1-9359-4B6F-8BDD-62C2B4FC0750}"
EndProject
Project("{FAE04EC0-301F-11D3-BF4B-00C04F79EFBC}") = "GuildWars2.API", "GuildWars2.API\GuildWars2.API.csproj", "{DC595D19-8FA3-4788-8140-DBEA3B967D85}"
EndProject
Project("{FAE04EC0-301F-11D3-BF4B-00C04F79EFBC}") = "GuildWars2.Manager", "GuildWars2.Manager\GuildWars2.Manager.csproj", "{2B140250-BD8E-4412-9E5B-B3E4B840695C}"
EndProject
Project("{FAE04EC0-301F-11D3-BF4B-00C04F79EFBC}") = "GuildWars2.Web", "GuildWars2.Web\GuildWars2.Web.csproj", "{47955C72-59D2-4D03-8F03-7DF32C84C981}"
EndProject
Project("{FAE04EC0-301F-11D3-BF4B-00C04F79EFBC}") = "xTest", "xTest\xTest.csproj", "{497393D4-625A-45C0-A1F7-443ACD706E09}"
EndProject
Project("{FAE04EC0-301F-11D3-BF4B-00C04F79EFBC}") = "GuildWars2.GuildInfo", "GuildWars2.GuildInfo\GuildWars2.GuildInfo.csproj", "{51A12193-3BE1-4DA2-9F41-D998781BD193}"
EndProject
Global
	GlobalSection(SolutionConfigurationPlatforms) = preSolution
		Debug|Any CPU = Debug|Any CPU
		Debug|x64 = Debug|x64
		Debug|x86 = Debug|x86
		Release|Any CPU = Release|Any CPU
		Release|x64 = Release|x64
		Release|x86 = Release|x86
	EndGlobalSection
	GlobalSection(ProjectConfigurationPlatforms) = postSolution
		{8C6912B1-9359-4B6F-8BDD-62C2B4FC0750}.Debug|Any CPU.ActiveCfg = Debug|Any CPU
		{8C6912B1-9359-4B6F-8BDD-62C2B4FC0750}.Debug|Any CPU.Build.0 = Debug|Any CPU
		{8C6912B1-9359-4B6F-8BDD-62C2B4FC0750}.Debug|x64.ActiveCfg = Debug|Any CPU
		{8C6912B1-9359-4B6F-8BDD-62C2B4FC0750}.Debug|x64.Build.0 = Debug|Any CPU
		{8C6912B1-9359-4B6F-8BDD-62C2B4FC0750}.Debug|x86.ActiveCfg = Debug|Any CPU
		{8C6912B1-9359-4B6F-8BDD-62C2B4FC0750}.Debug|x86.Build.0 = Debug|Any CPU
		{8C6912B1-9359-4B6F-8BDD-62C2B4FC0750}.Release|Any CPU.ActiveCfg = Release|Any CPU
		{8C6912B1-9359-4B6F-8BDD-62C2B4FC0750}.Release|Any CPU.Build.0 = Release|Any CPU
		{8C6912B1-9359-4B6F-8BDD-62C2B4FC0750}.Release|x64.ActiveCfg = Release|Any CPU
		{8C6912B1-9359-4B6F-8BDD-62C2B4FC0750}.Release|x64.Build.0 = Release|Any CPU
		{8C6912B1-9359-4B6F-8BDD-62C2B4FC0750}.Release|x86.ActiveCfg = Release|Any CPU
		{8C6912B1-9359-4B6F-8BDD-62C2B4FC0750}.Release|x86.Build.0 = Release|Any CPU
		{DC595D19-8FA3-4788-8140-DBEA3B967D85}.Debug|Any CPU.ActiveCfg = Debug|Any CPU
		{DC595D19-8FA3-4788-8140-DBEA3B967D85}.Debug|Any CPU.Build.0 = Debug|Any CPU
		{DC595D19-8FA3-4788-8140-DBEA3B967D85}.Debug|x64.ActiveCfg = Debug|Any CPU
		{DC595D19-8FA3-4788-8140-DBEA3B967D85}.Debug|x64.Build.0 = Debug|Any CPU
		{DC595D19-8FA3-4788-8140-DBEA3B967D85}.Debug|x86.ActiveCfg = Debug|Any CPU
		{DC595D19-8FA3-4788-8140-DBEA3B967D85}.Debug|x86.Build.0 = Debug|Any CPU
		{DC595D19-8FA3-4788-8140-DBEA3B967D85}.Release|Any CPU.ActiveCfg = Release|Any CPU
		{DC595D19-8FA3-4788-8140-DBEA3B967D85}.Release|Any CPU.Build.0 = Release|Any CPU
		{DC595D19-8FA3-4788-8140-DBEA3B967D85}.Release|x64.ActiveCfg = Release|Any CPU
		{DC595D19-8FA3-4788-8140-DBEA3B967D85}.Release|x64.Build.0 = Release|Any CPU
		{DC595D19-8FA3-4788-8140-DBEA3B967D85}.Release|x86.ActiveCfg = Release|Any CPU
		{DC595D19-8FA3-4788-8140-DBEA3B967D85}.Release|x86.Build.0 = Release|Any CPU
		{2B140250-BD8E-4412-9E5B-B3E4B840695C}.Debug|Any CPU.ActiveCfg = Debug|Any CPU
		{2B140250-BD8E-4412-9E5B-B3E4B840695C}.Debug|Any CPU.Build.0 = Debug|Any CPU
		{2B140250-BD8E-4412-9E5B-B3E4B840695C}.Debug|x64.ActiveCfg = Debug|Any CPU
		{2B140250-BD8E-4412-9E5B-B3E4B840695C}.Debug|x64.Build.0 = Debug|Any CPU
		{2B140250-BD8E-4412-9E5B-B3E4B840695C}.Debug|x86.ActiveCfg = Debug|Any CPU
		{2B140250-BD8E-4412-9E5B-B3E4B840695C}.Debug|x86.Build.0 = Debug|Any CPU
		{2B140250-BD8E-4412-9E5B-B3E4B840695C}.Release|Any CPU.ActiveCfg = Release|Any CPU
		{2B140250-BD8E-4412-9E5B-B3E4B840695C}.Release|Any CPU.Build.0 = Release|Any CPU
		{2B140250-BD8E-4412-9E5B-B3E4B840695C}.Release|x64.ActiveCfg = Release|Any CPU
		{2B140250-BD8E-4412-9E5B-B3E4B840695C}.Release|x64.Build.0 = Release|Any CPU
		{2B140250-BD8E-4412-9E5B-B3E4B840695C}.Release|x86.ActiveCfg = Release|Any CPU
		{2B140250-BD8E-4412-9E5B-B3E4B840695C}.Release|x86.Build.0 = Release|Any CPU
		{47955C72-59D2-4D03-8F03-7DF32C84C981}.Debug|Any CPU.ActiveCfg = Debug|Any CPU
		{47955C72-59D2-4D03-8F03-7DF32C84C981}.Debug|Any CPU.Build.0 = Debug|Any CPU
		{47955C72-59D2-4D03-8F03-7DF32C84C981}.Debug|x64.ActiveCfg = Debug|Any CPU
		{47955C72-59D2-4D03-8F03-7DF32C84C981}.Debug|x64.Build.0 = Debug|Any CPU
		{47955C72-59D2-4D03-8F03-7DF32C84C981}.Debug|x86.ActiveCfg = Debug|Any CPU
		{47955C72-59D2-4D03-8F03-7DF32C84C981}.Debug|x86.Build.0 = Debug|Any CPU
		{47955C72-59D2-4D03-8F03-7DF32C84C981}.Release|Any CPU.ActiveCfg = Release|Any CPU
		{47955C72-59D2-4D03-8F03-7DF32C84C981}.Release|Any CPU.Build.0 = Release|Any CPU
		{47955C72-59D2-4D03-8F03-7DF32C84C981}.Release|x64.ActiveCfg = Release|Any CPU
		{47955C72-59D2-4D03-8F03-7DF32C84C981}.Release|x64.Build.0 = Release|Any CPU
		{47955C72-59D2-4D03-8F03-7DF32C84C981}.Release|x86.ActiveCfg = Release|Any CPU
		{47955C72-59D2-4D03-8F03-7DF32C84C981}.Release|x86.Build.0 = Release|Any CPU
		{497393D4-625A-45C0-A1F7-443ACD706E09}.Debug|Any CPU.ActiveCfg = Debug|Any CPU
		{497393D4-625A-45C0-A1F7-443ACD706E09}.Debug|Any CPU.Build.0 = Debug|Any CPU
		{497393D4-625A-45C0-A1F7-443ACD706E09}.Debug|x64.ActiveCfg = Debug|Any CPU
		{497393D4-625A-45C0-A1F7-443ACD706E09}.Debug|x64.Build.0 = Debug|Any CPU
		{497393D4-625A-45C0-A1F7-443ACD706E09}.Debug|x86.ActiveCfg = Debug|Any CPU
		{497393D4-625A-45C0-A1F7-443ACD706E09}.Debug|x86.Build.0 = Debug|Any CPU
		{497393D4-625A-45C0-A1F7-443ACD706E09}.Release|Any CPU.ActiveCfg = Release|Any CPU
		{497393D4-625A-45C0-A1F7-443ACD706E09}.Release|Any CPU.Build.0 = Release|Any CPU
		{497393D4-625A-45C0-A1F7-443ACD706E09}.Release|x64.ActiveCfg = Release|Any CPU
		{497393D4-625A-45C0-A1F7-443ACD706E09}.Release|x64.Build.0 = Release|Any CPU
		{497393D4-625A-45C0-A1F7-443ACD706E09}.Release|x86.ActiveCfg = Release|Any CPU
		{497393D4-625A-45C0-A1F7-443ACD706E09}.Release|x86.Build.0 = Release|Any CPU
		{51A12193-3BE1-4DA2-9F41-D998781BD193}.Debug|Any CPU.ActiveCfg = Debug|Any CPU
		{51A12193-3BE1-4DA2-9F41-D998781BD193}.Debug|Any CPU.Build.0 = Debug|Any CPU
		{51A12193-3BE1-4DA2-9F41-D998781BD193}.Debug|x64.ActiveCfg = Debug|Any CPU
		{51A12193-3BE1-4DA2-9F41-D998781BD193}.Debug|x64.Build.0 = Debug|Any CPU
		{51A12193-3BE1-4DA2-9F41-D998781BD193}.Debug|x86.ActiveCfg = Debug|Any CPU
		{51A12193-3BE1-4DA2-9F41-D998781BD193}.Debug|x86.Build.0 = Debug|Any CPU
		{51A12193-3BE1-4DA2-9F41-D998781BD193}.Release|Any CPU.ActiveCfg = Release|Any CPU
		{51A12193-3BE1-4DA2-9F41-D998781BD193}.Release|Any CPU.Build.0 = Release|Any CPU
		{51A12193-3BE1-4DA2-9F41-D998781BD193}.Release|x64.ActiveCfg = Release|Any CPU
		{51A12193-3BE1-4DA2-9F41-D998781BD193}.Release|x64.Build.0 = Release|Any CPU
		{51A12193-3BE1-4DA2-9F41-D998781BD193}.Release|x86.ActiveCfg = Release|Any CPU
		{51A12193-3BE1-4DA2-9F41-D998781BD193}.Release|x86.Build.0 = Release|Any CPU
	EndGlobalSection
	GlobalSection(SolutionProperties) = preSolution
		HideSolutionNode = FALSE
	EndGlobalSection
EndGlobal
