
Microsoft Visual Studio Solution File, Format Version 12.00
# Visual Studio 15
VisualStudioVersion = 15.0.26430.16
MinimumVisualStudioVersion = 10.0.40219.1
Project("{FAE04EC0-301F-11D3-BF4B-00C04F79EFBC}") = "GuildWars2.API", "GuildWars2.API\GuildWars2.API.csproj", "{DC595D19-8FA3-4788-8140-DBEA3B967D85}"
EndProject
Project("{FAE04EC0-301F-11D3-BF4B-00C04F79EFBC}") = "GuildWars2.Manager", "GuildWars2.Manager\GuildWars2.Manager.csproj", "{2B140250-BD8E-4412-9E5B-B3E4B840695C}"
EndProject
Project("{FAE04EC0-301F-11D3-BF4B-00C04F79EFBC}") = "xTest", "xTest\xTest.csproj", "{497393D4-625A-45C0-A1F7-443ACD706E09}"
EndProject
Project("{9A19103F-16F7-4668-BE54-9A1E7A4F7556}") = "GuildWars2.REST", "GuildWars2.REST\GuildWars2.REST.csproj", "{C437B9D9-EB0F-4AA2-A6F6-B71AA8363046}"
EndProject
Project("{9A19103F-16F7-4668-BE54-9A1E7A4F7556}") = "GuildWars2.Discord.Core", "GuildWars2.Discord\GuildWars2.Discord.Core.csproj", "{3D000F67-36F3-4FE0-8532-23F7DB1C9C4B}"
EndProject
Project("{FAE04EC0-301F-11D3-BF4B-00C04F79EFBC}") = "GuildWars2.API.Core", "GuildWars2.API.Core\GuildWars2.API.Core.csproj", "{73FB1F04-0612-4CF1-8B42-4A69F89A2F29}"
EndProject
Global
	GlobalSection(SolutionConfigurationPlatforms) = preSolution
		Debug|Any CPU = Debug|Any CPU
		Debug|x64 = Debug|x64
		Debug|x86 = Debug|x86
		Release|Any CPU = Release|Any CPU
		Release|x64 = Release|x64
		Release|x86 = Release|x86
	EndGlobalSection
	GlobalSection(ProjectConfigurationPlatforms) = postSolution
		{DC595D19-8FA3-4788-8140-DBEA3B967D85}.Debug|Any CPU.ActiveCfg = Debug|Any CPU
		{DC595D19-8FA3-4788-8140-DBEA3B967D85}.Debug|Any CPU.Build.0 = Debug|Any CPU
		{DC595D19-8FA3-4788-8140-DBEA3B967D85}.Debug|x64.ActiveCfg = Debug|Any CPU
		{DC595D19-8FA3-4788-8140-DBEA3B967D85}.Debug|x64.Build.0 = Debug|Any CPU
		{DC595D19-8FA3-4788-8140-DBEA3B967D85}.Debug|x86.ActiveCfg = Debug|Any CPU
		{DC595D19-8FA3-4788-8140-DBEA3B967D85}.Debug|x86.Build.0 = Debug|Any CPU
		{DC595D19-8FA3-4788-8140-DBEA3B967D85}.Release|Any CPU.ActiveCfg = Release|Any CPU
		{DC595D19-8FA3-4788-8140-DBEA3B967D85}.Release|Any CPU.Build.0 = Release|Any CPU
		{DC595D19-8FA3-4788-8140-DBEA3B967D85}.Release|x64.ActiveCfg = Release|Any CPU
		{DC595D19-8FA3-4788-8140-DBEA3B967D85}.Release|x64.Build.0 = Release|Any CPU
		{DC595D19-8FA3-4788-8140-DBEA3B967D85}.Release|x86.ActiveCfg = Release|Any CPU
		{DC595D19-8FA3-4788-8140-DBEA3B967D85}.Release|x86.Build.0 = Release|Any CPU
		{2B140250-BD8E-4412-9E5B-B3E4B840695C}.Debug|Any CPU.ActiveCfg = Debug|Any CPU
		{2B140250-BD8E-4412-9E5B-B3E4B840695C}.Debug|Any CPU.Build.0 = Debug|Any CPU
		{2B140250-BD8E-4412-9E5B-B3E4B840695C}.Debug|x64.ActiveCfg = Debug|Any CPU
		{2B140250-BD8E-4412-9E5B-B3E4B840695C}.Debug|x64.Build.0 = Debug|Any CPU
		{2B140250-BD8E-4412-9E5B-B3E4B840695C}.Debug|x86.ActiveCfg = Debug|Any CPU
		{2B140250-BD8E-4412-9E5B-B3E4B840695C}.Debug|x86.Build.0 = Debug|Any CPU
		{2B140250-BD8E-4412-9E5B-B3E4B840695C}.Release|Any CPU.ActiveCfg = Release|Any CPU
		{2B140250-BD8E-4412-9E5B-B3E4B840695C}.Release|Any CPU.Build.0 = Release|Any CPU
		{2B140250-BD8E-4412-9E5B-B3E4B840695C}.Release|x64.ActiveCfg = Release|Any CPU
		{2B140250-BD8E-4412-9E5B-B3E4B840695C}.Release|x64.Build.0 = Release|Any CPU
		{2B140250-BD8E-4412-9E5B-B3E4B840695C}.Release|x86.ActiveCfg = Release|Any CPU
		{2B140250-BD8E-4412-9E5B-B3E4B840695C}.Release|x86.Build.0 = Release|Any CPU
		{497393D4-625A-45C0-A1F7-443ACD706E09}.Debug|Any CPU.ActiveCfg = Debug|Any CPU
		{497393D4-625A-45C0-A1F7-443ACD706E09}.Debug|Any CPU.Build.0 = Debug|Any CPU
		{497393D4-625A-45C0-A1F7-443ACD706E09}.Debug|x64.ActiveCfg = Debug|Any CPU
		{497393D4-625A-45C0-A1F7-443ACD706E09}.Debug|x64.Build.0 = Debug|Any CPU
		{497393D4-625A-45C0-A1F7-443ACD706E09}.Debug|x86.ActiveCfg = Debug|Any CPU
		{497393D4-625A-45C0-A1F7-443ACD706E09}.Debug|x86.Build.0 = Debug|Any CPU
		{497393D4-625A-45C0-A1F7-443ACD706E09}.Release|Any CPU.ActiveCfg = Release|Any CPU
		{497393D4-625A-45C0-A1F7-443ACD706E09}.Release|Any CPU.Build.0 = Release|Any CPU
		{497393D4-625A-45C0-A1F7-443ACD706E09}.Release|x64.ActiveCfg = Release|Any CPU
		{497393D4-625A-45C0-A1F7-443ACD706E09}.Release|x64.Build.0 = Release|Any CPU
		{497393D4-625A-45C0-A1F7-443ACD706E09}.Release|x86.ActiveCfg = Release|Any CPU
		{497393D4-625A-45C0-A1F7-443ACD706E09}.Release|x86.Build.0 = Release|Any CPU
		{C437B9D9-EB0F-4AA2-A6F6-B71AA8363046}.Debug|Any CPU.ActiveCfg = Debug|Any CPU
		{C437B9D9-EB0F-4AA2-A6F6-B71AA8363046}.Debug|Any CPU.Build.0 = Debug|Any CPU
		{C437B9D9-EB0F-4AA2-A6F6-B71AA8363046}.Debug|x64.ActiveCfg = Debug|Any CPU
		{C437B9D9-EB0F-4AA2-A6F6-B71AA8363046}.Debug|x64.Build.0 = Debug|Any CPU
		{C437B9D9-EB0F-4AA2-A6F6-B71AA8363046}.Debug|x86.ActiveCfg = Debug|Any CPU
		{C437B9D9-EB0F-4AA2-A6F6-B71AA8363046}.Debug|x86.Build.0 = Debug|Any CPU
		{C437B9D9-EB0F-4AA2-A6F6-B71AA8363046}.Release|Any CPU.ActiveCfg = Release|Any CPU
		{C437B9D9-EB0F-4AA2-A6F6-B71AA8363046}.Release|Any CPU.Build.0 = Release|Any CPU
		{C437B9D9-EB0F-4AA2-A6F6-B71AA8363046}.Release|x64.ActiveCfg = Release|Any CPU
		{C437B9D9-EB0F-4AA2-A6F6-B71AA8363046}.Release|x64.Build.0 = Release|Any CPU
		{C437B9D9-EB0F-4AA2-A6F6-B71AA8363046}.Release|x86.ActiveCfg = Release|Any CPU
		{C437B9D9-EB0F-4AA2-A6F6-B71AA8363046}.Release|x86.Build.0 = Release|Any CPU
		{3D000F67-36F3-4FE0-8532-23F7DB1C9C4B}.Debug|Any CPU.ActiveCfg = Debug|Any CPU
		{3D000F67-36F3-4FE0-8532-23F7DB1C9C4B}.Debug|Any CPU.Build.0 = Debug|Any CPU
		{3D000F67-36F3-4FE0-8532-23F7DB1C9C4B}.Debug|x64.ActiveCfg = Debug|Any CPU
		{3D000F67-36F3-4FE0-8532-23F7DB1C9C4B}.Debug|x64.Build.0 = Debug|Any CPU
		{3D000F67-36F3-4FE0-8532-23F7DB1C9C4B}.Debug|x86.ActiveCfg = Debug|Any CPU
		{3D000F67-36F3-4FE0-8532-23F7DB1C9C4B}.Debug|x86.Build.0 = Debug|Any CPU
		{3D000F67-36F3-4FE0-8532-23F7DB1C9C4B}.Release|Any CPU.ActiveCfg = Release|Any CPU
		{3D000F67-36F3-4FE0-8532-23F7DB1C9C4B}.Release|Any CPU.Build.0 = Release|Any CPU
		{3D000F67-36F3-4FE0-8532-23F7DB1C9C4B}.Release|x64.ActiveCfg = Release|Any CPU
		{3D000F67-36F3-4FE0-8532-23F7DB1C9C4B}.Release|x64.Build.0 = Release|Any CPU
		{3D000F67-36F3-4FE0-8532-23F7DB1C9C4B}.Release|x86.ActiveCfg = Release|Any CPU
		{3D000F67-36F3-4FE0-8532-23F7DB1C9C4B}.Release|x86.Build.0 = Release|Any CPU
		{73FB1F04-0612-4CF1-8B42-4A69F89A2F29}.Debug|Any CPU.ActiveCfg = Debug|Any CPU
		{73FB1F04-0612-4CF1-8B42-4A69F89A2F29}.Debug|Any CPU.Build.0 = Debug|Any CPU
		{73FB1F04-0612-4CF1-8B42-4A69F89A2F29}.Debug|x64.ActiveCfg = Debug|Any CPU
		{73FB1F04-0612-4CF1-8B42-4A69F89A2F29}.Debug|x64.Build.0 = Debug|Any CPU
		{73FB1F04-0612-4CF1-8B42-4A69F89A2F29}.Debug|x86.ActiveCfg = Debug|Any CPU
		{73FB1F04-0612-4CF1-8B42-4A69F89A2F29}.Debug|x86.Build.0 = Debug|Any CPU
		{73FB1F04-0612-4CF1-8B42-4A69F89A2F29}.Release|Any CPU.ActiveCfg = Release|Any CPU
		{73FB1F04-0612-4CF1-8B42-4A69F89A2F29}.Release|Any CPU.Build.0 = Release|Any CPU
		{73FB1F04-0612-4CF1-8B42-4A69F89A2F29}.Release|x64.ActiveCfg = Release|Any CPU
		{73FB1F04-0612-4CF1-8B42-4A69F89A2F29}.Release|x64.Build.0 = Release|Any CPU
		{73FB1F04-0612-4CF1-8B42-4A69F89A2F29}.Release|x86.ActiveCfg = Release|Any CPU
		{73FB1F04-0612-4CF1-8B42-4A69F89A2F29}.Release|x86.Build.0 = Release|Any CPU
	EndGlobalSection
	GlobalSection(SolutionProperties) = preSolution
		HideSolutionNode = FALSE
	EndGlobalSection
EndGlobal
